
Microsoft Visual Studio Solution File, Format Version 12.00
# Visual Studio Version 16
VisualStudioVersion = 16.0.31702.278
MinimumVisualStudioVersion = 10.0.40219.1
Project("{9A19103F-16F7-4668-BE54-9A1E7A4F7556}") = "WebInterface", "WebTestCore\WebInterface.csproj", "{CE356999-CDF4-4308-801B-57B0893F4957}"
EndProject
Project("{9A19103F-16F7-4668-BE54-9A1E7A4F7556}") = "Database", "Database\Database.csproj", "{B039FF14-E619-4D1C-8992-F2FC49CD5597}"
EndProject
Project("{9A19103F-16F7-4668-BE54-9A1E7A4F7556}") = "Services", "Services\Services.csproj", "{84CB351C-0396-444E-94E7-71AE376400CC}"
EndProject
Project("{FAE04EC0-301F-11D3-BF4B-00C04F79EFBC}") = "WebApi", "WebApi\WebApi.csproj", "{855F1B83-D58A-4C9A-877B-E452EDF35B14}"
EndProject
Global
	GlobalSection(SolutionConfigurationPlatforms) = preSolution
		Debug|Any CPU = Debug|Any CPU
		Release|Any CPU = Release|Any CPU
	EndGlobalSection
	GlobalSection(ProjectConfigurationPlatforms) = postSolution
		{CE356999-CDF4-4308-801B-57B0893F4957}.Debug|Any CPU.ActiveCfg = Debug|Any CPU
		{CE356999-CDF4-4308-801B-57B0893F4957}.Debug|Any CPU.Build.0 = Debug|Any CPU
		{CE356999-CDF4-4308-801B-57B0893F4957}.Release|Any CPU.ActiveCfg = Release|Any CPU
		{CE356999-CDF4-4308-801B-57B0893F4957}.Release|Any CPU.Build.0 = Release|Any CPU
		{B039FF14-E619-4D1C-8992-F2FC49CD5597}.Debug|Any CPU.ActiveCfg = Debug|Any CPU
		{B039FF14-E619-4D1C-8992-F2FC49CD5597}.Debug|Any CPU.Build.0 = Debug|Any CPU
		{B039FF14-E619-4D1C-8992-F2FC49CD5597}.Release|Any CPU.ActiveCfg = Release|Any CPU
		{B039FF14-E619-4D1C-8992-F2FC49CD5597}.Release|Any CPU.Build.0 = Release|Any CPU
		{84CB351C-0396-444E-94E7-71AE376400CC}.Debug|Any CPU.ActiveCfg = Debug|Any CPU
		{84CB351C-0396-444E-94E7-71AE376400CC}.Debug|Any CPU.Build.0 = Debug|Any CPU
		{84CB351C-0396-444E-94E7-71AE376400CC}.Release|Any CPU.ActiveCfg = Release|Any CPU
		{84CB351C-0396-444E-94E7-71AE376400CC}.Release|Any CPU.Build.0 = Release|Any CPU
		{855F1B83-D58A-4C9A-877B-E452EDF35B14}.Debug|Any CPU.ActiveCfg = Debug|Any CPU
		{855F1B83-D58A-4C9A-877B-E452EDF35B14}.Debug|Any CPU.Build.0 = Debug|Any CPU
		{855F1B83-D58A-4C9A-877B-E452EDF35B14}.Release|Any CPU.ActiveCfg = Release|Any CPU
		{855F1B83-D58A-4C9A-877B-E452EDF35B14}.Release|Any CPU.Build.0 = Release|Any CPU
	EndGlobalSection
	GlobalSection(SolutionProperties) = preSolution
		HideSolutionNode = FALSE
	EndGlobalSection
	GlobalSection(ExtensibilityGlobals) = postSolution
		SolutionGuid = {DBAFD14B-6BA6-4D1D-A55C-8393E1F9A9DF}
	EndGlobalSection
EndGlobal
